// !$*UTF8*$!
{
	archiveVersion = 1;
	classes = {
	};
	objectVersion = 77;
	objects = {

/* Begin PBXContainerItemProxy section */
		383D65C82DE0450D003C916B /* PBXContainerItemProxy */ = {
			isa = PBXContainerItemProxy;
			containerPortal = 383D65B22DE0450C003C916B /* Project object */;
			proxyType = 1;
			remoteGlobalIDString = 383D65B92DE0450C003C916B;
			remoteInfo = CalculadoraSwiftUI;
		};
		383D65D22DE0450E003C916B /* PBXContainerItemProxy */ = {
			isa = PBXContainerItemProxy;
			containerPortal = 383D65B22DE0450C003C916B /* Project object */;
			proxyType = 1;
			remoteGlobalIDString = 383D65B92DE0450C003C916B;
			remoteInfo = CalculadoraSwiftUI;
		};
/* End PBXContainerItemProxy section */

/* Begin PBXFileReference section */
		383D65BA2DE0450C003C916B /* CalculadoraSwiftUI.app */ = {isa = PBXFileReference; explicitFileType = wrapper.application; includeInIndex = 0; path = CalculadoraSwiftUI.app; sourceTree = BUILT_PRODUCTS_DIR; };
		383D65C72DE0450D003C916B /* CalculadoraSwiftUITests.xctest */ = {isa = PBXFileReference; explicitFileType = wrapper.cfbundle; includeInIndex = 0; path = CalculadoraSwiftUITests.xctest; sourceTree = BUILT_PRODUCTS_DIR; };
		383D65D12DE0450E003C916B /* CalculadoraSwiftUIUITests.xctest */ = {isa = PBXFileReference; explicitFileType = wrapper.cfbundle; includeInIndex = 0; path = CalculadoraSwiftUIUITests.xctest; sourceTree = BUILT_PRODUCTS_DIR; };
/* End PBXFileReference section */

/* Begin PBXFileSystemSynchronizedRootGroup section */
		383D65BC2DE0450C003C916B /* CalculadoraSwiftUI */ = {
			isa = PBXFileSystemSynchronizedRootGroup;
			path = CalculadoraSwiftUI;
			sourceTree = "<group>";
		};
		383D65CA2DE0450D003C916B /* CalculadoraSwiftUITests */ = {
			isa = PBXFileSystemSynchronizedRootGroup;
			path = CalculadoraSwiftUITests;
			sourceTree = "<group>";
		};
		383D65D42DE0450E003C916B /* CalculadoraSwiftUIUITests */ = {
			isa = PBXFileSystemSynchronizedRootGroup;
			path = CalculadoraSwiftUIUITests;
			sourceTree = "<group>";
		};
/* End PBXFileSystemSynchronizedRootGroup section */

/* Begin PBXFrameworksBuildPhase section */
		383D65B72DE0450C003C916B /* Frameworks */ = {
			isa = PBXFrameworksBuildPhase;
			buildActionMask = 2147483647;
			files = (
			);
			runOnlyForDeploymentPostprocessing = 0;
		};
		383D65C42DE0450D003C916B /* Frameworks */ = {
			isa = PBXFrameworksBuildPhase;
			buildActionMask = 2147483647;
			files = (
			);
			runOnlyForDeploymentPostprocessing = 0;
		};
		383D65CE2DE0450E003C916B /* Frameworks */ = {
			isa = PBXFrameworksBuildPhase;
			buildActionMask = 2147483647;
			files = (
			);
			runOnlyForDeploymentPostprocessing = 0;
		};
/* End PBXFrameworksBuildPhase section */

/* Begin PBXGroup section */
		383D65B12DE0450C003C916B = {
			isa = PBXGroup;
			children = (
				383D65BC2DE0450C003C916B /* CalculadoraSwiftUI */,
				383D65CA2DE0450D003C916B /* CalculadoraSwiftUITests */,
				383D65D42DE0450E003C916B /* CalculadoraSwiftUIUITests */,
				383D65BB2DE0450C003C916B /* Products */,
			);
			sourceTree = "<group>";
		};
		383D65BB2DE0450C003C916B /* Products */ = {
			isa = PBXGroup;
			children = (
				383D65BA2DE0450C003C916B /* CalculadoraSwiftUI.app */,
				383D65C72DE0450D003C916B /* CalculadoraSwiftUITests.xctest */,
				383D65D12DE0450E003C916B /* CalculadoraSwiftUIUITests.xctest */,
			);
			name = Products;
			sourceTree = "<group>";
		};
/* End PBXGroup section */

/* Begin PBXNativeTarget section */
		383D65B92DE0450C003C916B /* CalculadoraSwiftUI */ = {
			isa = PBXNativeTarget;
			buildConfigurationList = 383D65DB2DE0450E003C916B /* Build configuration list for PBXNativeTarget "CalculadoraSwiftUI" */;
			buildPhases = (
				383D65B62DE0450C003C916B /* Sources */,
				383D65B72DE0450C003C916B /* Frameworks */,
				383D65B82DE0450C003C916B /* Resources */,
			);
			buildRules = (
			);
			dependencies = (
			);
			fileSystemSynchronizedGroups = (
				383D65BC2DE0450C003C916B /* CalculadoraSwiftUI */,
			);
			name = CalculadoraSwiftUI;
			packageProductDependencies = (
			);
			productName = CalculadoraSwiftUI;
			productReference = 383D65BA2DE0450C003C916B /* CalculadoraSwiftUI.app */;
			productType = "com.apple.product-type.application";
		};
		383D65C62DE0450D003C916B /* CalculadoraSwiftUITests */ = {
			isa = PBXNativeTarget;
			buildConfigurationList = 383D65DE2DE0450E003C916B /* Build configuration list for PBXNativeTarget "CalculadoraSwiftUITests" */;
			buildPhases = (
				383D65C32DE0450D003C916B /* Sources */,
				383D65C42DE0450D003C916B /* Frameworks */,
				383D65C52DE0450D003C916B /* Resources */,
			);
			buildRules = (
			);
			dependencies = (
				383D65C92DE0450D003C916B /* PBXTargetDependency */,
			);
			fileSystemSynchronizedGroups = (
				383D65CA2DE0450D003C916B /* CalculadoraSwiftUITests */,
			);
			name = CalculadoraSwiftUITests;
			packageProductDependencies = (
			);
			productName = CalculadoraSwiftUITests;
			productReference = 383D65C72DE0450D003C916B /* CalculadoraSwiftUITests.xctest */;
			productType = "com.apple.product-type.bundle.unit-test";
		};
		383D65D02DE0450E003C916B /* CalculadoraSwiftUIUITests */ = {
			isa = PBXNativeTarget;
			buildConfigurationList = 383D65E12DE0450E003C916B /* Build configuration list for PBXNativeTarget "CalculadoraSwiftUIUITests" */;
			buildPhases = (
				383D65CD2DE0450E003C916B /* Sources */,
				383D65CE2DE0450E003C916B /* Frameworks */,
				383D65CF2DE0450E003C916B /* Resources */,
			);
			buildRules = (
			);
			dependencies = (
				383D65D32DE0450E003C916B /* PBXTargetDependency */,
			);
			fileSystemSynchronizedGroups = (
				383D65D42DE0450E003C916B /* CalculadoraSwiftUIUITests */,
			);
			name = CalculadoraSwiftUIUITests;
			packageProductDependencies = (
			);
			productName = CalculadoraSwiftUIUITests;
			productReference = 383D65D12DE0450E003C916B /* CalculadoraSwiftUIUITests.xctest */;
			productType = "com.apple.product-type.bundle.ui-testing";
		};
/* End PBXNativeTarget section */

/* Begin PBXProject section */
		383D65B22DE0450C003C916B /* Project object */ = {
			isa = PBXProject;
			attributes = {
				BuildIndependentTargetsInParallel = 1;
				LastSwiftUpdateCheck = 1630;
				LastUpgradeCheck = 1630;
				TargetAttributes = {
					383D65B92DE0450C003C916B = {
						CreatedOnToolsVersion = 16.3;
					};
					383D65C62DE0450D003C916B = {
						CreatedOnToolsVersion = 16.3;
						TestTargetID = 383D65B92DE0450C003C916B;
					};
					383D65D02DE0450E003C916B = {
						CreatedOnToolsVersion = 16.3;
						TestTargetID = 383D65B92DE0450C003C916B;
					};
				};
			};
			buildConfigurationList = 383D65B52DE0450C003C916B /* Build configuration list for PBXProject "CalculadoraSwiftUI" */;
			developmentRegion = en;
			hasScannedForEncodings = 0;
			knownRegions = (
				en,
				Base,
			);
			mainGroup = 383D65B12DE0450C003C916B;
			minimizedProjectReferenceProxies = 1;
			preferredProjectObjectVersion = 77;
			productRefGroup = 383D65BB2DE0450C003C916B /* Products */;
			projectDirPath = "";
			projectRoot = "";
			targets = (
				383D65B92DE0450C003C916B /* CalculadoraSwiftUI */,
				383D65C62DE0450D003C916B /* CalculadoraSwiftUITests */,
				383D65D02DE0450E003C916B /* CalculadoraSwiftUIUITests */,
			);
		};
/* End PBXProject section */

/* Begin PBXResourcesBuildPhase section */
		383D65B82DE0450C003C916B /* Resources */ = {
			isa = PBXResourcesBuildPhase;
			buildActionMask = 2147483647;
			files = (
			);
			runOnlyForDeploymentPostprocessing = 0;
		};
		383D65C52DE0450D003C916B /* Resources */ = {
			isa = PBXResourcesBuildPhase;
			buildActionMask = 2147483647;
			files = (
			);
			runOnlyForDeploymentPostprocessing = 0;
		};
		383D65CF2DE0450E003C916B /* Resources */ = {
			isa = PBXResourcesBuildPhase;
			buildActionMask = 2147483647;
			files = (
			);
			runOnlyForDeploymentPostprocessing = 0;
		};
/* End PBXResourcesBuildPhase section */

/* Begin PBXSourcesBuildPhase section */
		383D65B62DE0450C003C916B /* Sources */ = {
			isa = PBXSourcesBuildPhase;
			buildActionMask = 2147483647;
			files = (
			);
			runOnlyForDeploymentPostprocessing = 0;
		};
		383D65C32DE0450D003C916B /* Sources */ = {
			isa = PBXSourcesBuildPhase;
			buildActionMask = 2147483647;
			files = (
			);
			runOnlyForDeploymentPostprocessing = 0;
		};
		383D65CD2DE0450E003C916B /* Sources */ = {
			isa = PBXSourcesBuildPhase;
			buildActionMask = 2147483647;
			files = (
			);
			runOnlyForDeploymentPostprocessing = 0;
		};
/* End PBXSourcesBuildPhase section */

/* Begin PBXTargetDependency section */
		383D65C92DE0450D003C916B /* PBXTargetDependency */ = {
			isa = PBXTargetDependency;
			target = 383D65B92DE0450C003C916B /* CalculadoraSwiftUI */;
			targetProxy = 383D65C82DE0450D003C916B /* PBXContainerItemProxy */;
		};
		383D65D32DE0450E003C916B /* PBXTargetDependency */ = {
			isa = PBXTargetDependency;
			target = 383D65B92DE0450C003C916B /* CalculadoraSwiftUI */;
			targetProxy = 383D65D22DE0450E003C916B /* PBXContainerItemProxy */;
		};
/* End PBXTargetDependency section */

/* Begin XCBuildConfiguration section */
		383D65D92DE0450E003C916B /* Debug */ = {
			isa = XCBuildConfiguration;
			buildSettings = {
				ALWAYS_SEARCH_USER_PATHS = NO;
				ASSETCATALOG_COMPILER_GENERATE_SWIFT_ASSET_SYMBOL_EXTENSIONS = YES;
				CLANG_ANALYZER_NONNULL = YES;
				CLANG_ANALYZER_NUMBER_OBJECT_CONVERSION = YES_AGGRESSIVE;
				CLANG_CXX_LANGUAGE_STANDARD = "gnu++20";
				CLANG_ENABLE_MODULES = YES;
				CLANG_ENABLE_OBJC_ARC = YES;
				CLANG_ENABLE_OBJC_WEAK = YES;
				CLANG_WARN_BLOCK_CAPTURE_AUTORELEASING = YES;
				CLANG_WARN_BOOL_CONVERSION = YES;
				CLANG_WARN_COMMA = YES;
				CLANG_WARN_CONSTANT_CONVERSION = YES;
				CLANG_WARN_DEPRECATED_OBJC_IMPLEMENTATIONS = YES;
				CLANG_WARN_DIRECT_OBJC_ISA_USAGE = YES_ERROR;
				CLANG_WARN_DOCUMENTATION_COMMENTS = YES;
				CLANG_WARN_EMPTY_BODY = YES;
				CLANG_WARN_ENUM_CONVERSION = YES;
				CLANG_WARN_INFINITE_RECURSION = YES;
				CLANG_WARN_INT_CONVERSION = YES;
				CLANG_WARN_NON_LITERAL_NULL_CONVERSION = YES;
				CLANG_WARN_OBJC_IMPLICIT_RETAIN_SELF = YES;
				CLANG_WARN_OBJC_LITERAL_CONVERSION = YES;
				CLANG_WARN_OBJC_ROOT_CLASS = YES_ERROR;
				CLANG_WARN_QUOTED_INCLUDE_IN_FRAMEWORK_HEADER = YES;
				CLANG_WARN_RANGE_LOOP_ANALYSIS = YES;
				CLANG_WARN_STRICT_PROTOTYPES = YES;
				CLANG_WARN_SUSPICIOUS_MOVE = YES;
				CLANG_WARN_UNGUARDED_AVAILABILITY = YES_AGGRESSIVE;
				CLANG_WARN_UNREACHABLE_CODE = YES;
				CLANG_WARN__DUPLICATE_METHOD_MATCH = YES;
				COPY_PHASE_STRIP = NO;
				DEBUG_INFORMATION_FORMAT = dwarf;
				ENABLE_STRICT_OBJC_MSGSEND = YES;
				ENABLE_TESTABILITY = YES;
				ENABLE_USER_SCRIPT_SANDBOXING = YES;
				GCC_C_LANGUAGE_STANDARD = gnu17;
				GCC_DYNAMIC_NO_PIC = NO;
				GCC_NO_COMMON_BLOCKS = YES;
				GCC_OPTIMIZATION_LEVEL = 0;
				GCC_PREPROCESSOR_DEFINITIONS = (
					"DEBUG=1",
					"$(inherited)",
				);
				GCC_WARN_64_TO_32_BIT_CONVERSION = YES;
				GCC_WARN_ABOUT_RETURN_TYPE = YES_ERROR;
				GCC_WARN_UNDECLARED_SELECTOR = YES;
				GCC_WARN_UNINITIALIZED_AUTOS = YES_AGGRESSIVE;
				GCC_WARN_UNUSED_FUNCTION = YES;
				GCC_WARN_UNUSED_VARIABLE = YES;
				IPHONEOS_DEPLOYMENT_TARGET = 18.4;
				LOCALIZATION_PREFERS_STRING_CATALOGS = YES;
				MTL_ENABLE_DEBUG_INFO = INCLUDE_SOURCE;
				MTL_FAST_MATH = YES;
				ONLY_ACTIVE_ARCH = YES;
				SDKROOT = iphoneos;
				SWIFT_ACTIVE_COMPILATION_CONDITIONS = "DEBUG $(inherited)";
				SWIFT_OPTIMIZATION_LEVEL = "-Onone";
			};
			name = Debug;
		};
		383D65DA2DE0450E003C916B /* Release */ = {
			isa = XCBuildConfiguration;
			buildSettings = {
				ALWAYS_SEARCH_USER_PATHS = NO;
				ASSETCATALOG_COMPILER_GENERATE_SWIFT_ASSET_SYMBOL_EXTENSIONS = YES;
				CLANG_ANALYZER_NONNULL = YES;
				CLANG_ANALYZER_NUMBER_OBJECT_CONVERSION = YES_AGGRESSIVE;
				CLANG_CXX_LANGUAGE_STANDARD = "gnu++20";
				CLANG_ENABLE_MODULES = YES;
				CLANG_ENABLE_OBJC_ARC = YES;
				CLANG_ENABLE_OBJC_WEAK = YES;
				CLANG_WARN_BLOCK_CAPTURE_AUTORELEASING = YES;
				CLANG_WARN_BOOL_CONVERSION = YES;
				CLANG_WARN_COMMA = YES;
				CLANG_WARN_CONSTANT_CONVERSION = YES;
				CLANG_WARN_DEPRECATED_OBJC_IMPLEMENTATIONS = YES;
				CLANG_WARN_DIRECT_OBJC_ISA_USAGE = YES_ERROR;
				CLANG_WARN_DOCUMENTATION_COMMENTS = YES;
				CLANG_WARN_EMPTY_BODY = YES;
				CLANG_WARN_ENUM_CONVERSION = YES;
				CLANG_WARN_INFINITE_RECURSION = YES;
				CLANG_WARN_INT_CONVERSION = YES;
				CLANG_WARN_NON_LITERAL_NULL_CONVERSION = YES;
				CLANG_WARN_OBJC_IMPLICIT_RETAIN_SELF = YES;
				CLANG_WARN_OBJC_LITERAL_CONVERSION = YES;
				CLANG_WARN_OBJC_ROOT_CLASS = YES_ERROR;
				CLANG_WARN_QUOTED_INCLUDE_IN_FRAMEWORK_HEADER = YES;
				CLANG_WARN_RANGE_LOOP_ANALYSIS = YES;
				CLANG_WARN_STRICT_PROTOTYPES = YES;
				CLANG_WARN_SUSPICIOUS_MOVE = YES;
				CLANG_WARN_UNGUARDED_AVAILABILITY = YES_AGGRESSIVE;
				CLANG_WARN_UNREACHABLE_CODE = YES;
				CLANG_WARN__DUPLICATE_METHOD_MATCH = YES;
				COPY_PHASE_STRIP = NO;
				DEBUG_INFORMATION_FORMAT = "dwarf-with-dsym";
				ENABLE_NS_ASSERTIONS = NO;
				ENABLE_STRICT_OBJC_MSGSEND = YES;
				ENABLE_USER_SCRIPT_SANDBOXING = YES;
				GCC_C_LANGUAGE_STANDARD = gnu17;
				GCC_NO_COMMON_BLOCKS = YES;
				GCC_WARN_64_TO_32_BIT_CONVERSION = YES;
				GCC_WARN_ABOUT_RETURN_TYPE = YES_ERROR;
				GCC_WARN_UNDECLARED_SELECTOR = YES;
				GCC_WARN_UNINITIALIZED_AUTOS = YES_AGGRESSIVE;
				GCC_WARN_UNUSED_FUNCTION = YES;
				GCC_WARN_UNUSED_VARIABLE = YES;
				IPHONEOS_DEPLOYMENT_TARGET = 18.4;
				LOCALIZATION_PREFERS_STRING_CATALOGS = YES;
				MTL_ENABLE_DEBUG_INFO = NO;
				MTL_FAST_MATH = YES;
				SDKROOT = iphoneos;
				SWIFT_COMPILATION_MODE = wholemodule;
				VALIDATE_PRODUCT = YES;
			};
			name = Release;
		};
		383D65DC2DE0450E003C916B /* Debug */ = {
			isa = XCBuildConfiguration;
			buildSettings = {
				ASSETCATALOG_COMPILER_APPICON_NAME = AppIcon;
				ASSETCATALOG_COMPILER_GLOBAL_ACCENT_COLOR_NAME = AccentColor;
				CODE_SIGN_STYLE = Automatic;
				CURRENT_PROJECT_VERSION = 1;
				ENABLE_PREVIEWS = YES;
				GENERATE_INFOPLIST_FILE = YES;
				INFOPLIST_KEY_UIApplicationSceneManifest_Generation = YES;
				INFOPLIST_KEY_UIApplicationSupportsIndirectInputEvents = YES;
				INFOPLIST_KEY_UILaunchScreen_Generation = YES;
				INFOPLIST_KEY_UISupportedInterfaceOrientations_iPad = "UIInterfaceOrientationPortrait UIInterfaceOrientationPortraitUpsideDown UIInterfaceOrientationLandscapeLeft UIInterfaceOrientationLandscapeRight";
				INFOPLIST_KEY_UISupportedInterfaceOrientations_iPhone = "UIInterfaceOrientationPortrait UIInterfaceOrientationLandscapeLeft UIInterfaceOrientationLandscapeRight";
				LD_RUNPATH_SEARCH_PATHS = (
					"$(inherited)",
					"@executable_path/Frameworks",
				);
				MARKETING_VERSION = 1.0;
				PRODUCT_BUNDLE_IDENTIFIER = com.andresfls.CalculadoraSwiftUI;
				PRODUCT_NAME = "$(TARGET_NAME)";
				SWIFT_EMIT_LOC_STRINGS = YES;
				SWIFT_VERSION = 5.0;
				TARGETED_DEVICE_FAMILY = "1,2";
			};
			name = Debug;
		};
		383D65DD2DE0450E003C916B /* Release */ = {
			isa = XCBuildConfiguration;
			buildSettings = {
				ASSETCATALOG_COMPILER_APPICON_NAME = AppIcon;
				ASSETCATALOG_COMPILER_GLOBAL_ACCENT_COLOR_NAME = AccentColor;
				CODE_SIGN_STYLE = Automatic;
				CURRENT_PROJECT_VERSION = 1;
				ENABLE_PREVIEWS = YES;
				GENERATE_INFOPLIST_FILE = YES;
				INFOPLIST_KEY_UIApplicationSceneManifest_Generation = YES;
				INFOPLIST_KEY_UIApplicationSupportsIndirectInputEvents = YES;
				INFOPLIST_KEY_UILaunchScreen_Generation = YES;
				INFOPLIST_KEY_UISupportedInterfaceOrientations_iPad = "UIInterfaceOrientationPortrait UIInterfaceOrientationPortraitUpsideDown UIInterfaceOrientationLandscapeLeft UIInterfaceOrientationLandscapeRight";
				INFOPLIST_KEY_UISupportedInterfaceOrientations_iPhone = "UIInterfaceOrientationPortrait UIInterfaceOrientationLandscapeLeft UIInterfaceOrientationLandscapeRight";
				LD_RUNPATH_SEARCH_PATHS = (
					"$(inherited)",
					"@executable_path/Frameworks",
				);
				MARKETING_VERSION = 1.0;
				PRODUCT_BUNDLE_IDENTIFIER = com.andresfls.CalculadoraSwiftUI;
				PRODUCT_NAME = "$(TARGET_NAME)";
				SWIFT_EMIT_LOC_STRINGS = YES;
				SWIFT_VERSION = 5.0;
				TARGETED_DEVICE_FAMILY = "1,2";
			};
			name = Release;
		};
		383D65DF2DE0450E003C916B /* Debug */ = {
			isa = XCBuildConfiguration;
			buildSettings = {
				BUNDLE_LOADER = "$(TEST_HOST)";
				CODE_SIGN_STYLE = Automatic;
				CURRENT_PROJECT_VERSION = 1;
				GENERATE_INFOPLIST_FILE = YES;
				IPHONEOS_DEPLOYMENT_TARGET = 18.4;
				MARKETING_VERSION = 1.0;
				PRODUCT_BUNDLE_IDENTIFIER = com.andresfls.CalculadoraSwiftUITests;
				PRODUCT_NAME = "$(TARGET_NAME)";
				SWIFT_EMIT_LOC_STRINGS = NO;
				SWIFT_VERSION = 5.0;
				TARGETED_DEVICE_FAMILY = "1,2";
				TEST_HOST = "$(BUILT_PRODUCTS_DIR)/CalculadoraSwiftUI.app/$(BUNDLE_EXECUTABLE_FOLDER_PATH)/CalculadoraSwiftUI";
			};
			name = Debug;
		};
		383D65E02DE0450E003C916B /* Release */ = {
			isa = XCBuildConfiguration;
			buildSettings = {
				BUNDLE_LOADER = "$(TEST_HOST)";
				CODE_SIGN_STYLE = Automatic;
				CURRENT_PROJECT_VERSION = 1;
				GENERATE_INFOPLIST_FILE = YES;
				IPHONEOS_DEPLOYMENT_TARGET = 18.4;
				MARKETING_VERSION = 1.0;
				PRODUCT_BUNDLE_IDENTIFIER = com.andresfls.CalculadoraSwiftUITests;
				PRODUCT_NAME = "$(TARGET_NAME)";
				SWIFT_EMIT_LOC_STRINGS = NO;
				SWIFT_VERSION = 5.0;
				TARGETED_DEVICE_FAMILY = "1,2";
				TEST_HOST = "$(BUILT_PRODUCTS_DIR)/CalculadoraSwiftUI.app/$(BUNDLE_EXECUTABLE_FOLDER_PATH)/CalculadoraSwiftUI";
			};
			name = Release;
		};
		383D65E22DE0450E003C916B /* Debug */ = {
			isa = XCBuildConfiguration;
			buildSettings = {
				CODE_SIGN_STYLE = Automatic;
				CURRENT_PROJECT_VERSION = 1;
				GENERATE_INFOPLIST_FILE = YES;
				MARKETING_VERSION = 1.0;
				PRODUCT_BUNDLE_IDENTIFIER = com.andresfls.CalculadoraSwiftUIUITests;
				PRODUCT_NAME = "$(TARGET_NAME)";
				SWIFT_EMIT_LOC_STRINGS = NO;
				SWIFT_VERSION = 5.0;
				TARGETED_DEVICE_FAMILY = "1,2";
				TEST_TARGET_NAME = CalculadoraSwiftUI;
			};
			name = Debug;
		};
		383D65E32DE0450E003C916B /* Release */ = {
			isa = XCBuildConfiguration;
			buildSettings = {
				CODE_SIGN_STYLE = Automatic;
				CURRENT_PROJECT_VERSION = 1;
				GENERATE_INFOPLIST_FILE = YES;
				MARKETING_VERSION = 1.0;
				PRODUCT_BUNDLE_IDENTIFIER = com.andresfls.CalculadoraSwiftUIUITests;
				PRODUCT_NAME = "$(TARGET_NAME)";
				SWIFT_EMIT_LOC_STRINGS = NO;
				SWIFT_VERSION = 5.0;
				TARGETED_DEVICE_FAMILY = "1,2";
				TEST_TARGET_NAME = CalculadoraSwiftUI;
			};
			name = Release;
		};
/* End XCBuildConfiguration section */

/* Begin XCConfigurationList section */
		383D65B52DE0450C003C916B /* Build configuration list for PBXProject "CalculadoraSwiftUI" */ = {
			isa = XCConfigurationList;
			buildConfigurations = (
				383D65D92DE0450E003C916B /* Debug */,
				383D65DA2DE0450E003C916B /* Release */,
			);
			defaultConfigurationIsVisible = 0;
			defaultConfigurationName = Release;
		};
		383D65DB2DE0450E003C916B /* Build configuration list for PBXNativeTarget "CalculadoraSwiftUI" */ = {
			isa = XCConfigurationList;
			buildConfigurations = (
				383D65DC2DE0450E003C916B /* Debug */,
				383D65DD2DE0450E003C916B /* Release */,
			);
			defaultConfigurationIsVisible = 0;
			defaultConfigurationName = Release;
		};
		383D65DE2DE0450E003C916B /* Build configuration list for PBXNativeTarget "CalculadoraSwiftUITests" */ = {
			isa = XCConfigurationList;
			buildConfigurations = (
				383D65DF2DE0450E003C916B /* Debug */,
				383D65E02DE0450E003C916B /* Release */,
			);
			defaultConfigurationIsVisible = 0;
			defaultConfigurationName = Release;
		};
		383D65E12DE0450E003C916B /* Build configuration list for PBXNativeTarget "CalculadoraSwiftUIUITests" */ = {
			isa = XCConfigurationList;
			buildConfigurations = (
				383D65E22DE0450E003C916B /* Debug */,
				383D65E32DE0450E003C916B /* Release */,
			);
			defaultConfigurationIsVisible = 0;
			defaultConfigurationName = Release;
		};
/* End XCConfigurationList section */
	};
	rootObject = 383D65B22DE0450C003C916B /* Project object */;
}
